// !$*UTF8*$!
{
	archiveVersion = 1;
	classes = {
	};
	objectVersion = 56;
	objects = {

/* Begin PBXBuildFile section */
		514F9E8F2C5005CE006B164A /* NewArticle.swift in Sources */ = {isa = PBXBuildFile; fileRef = 514F9E8E2C5005CE006B164A /* NewArticle.swift */; };
		514F9E912C5006FD006B164A /* ArticleModel.swift in Sources */ = {isa = PBXBuildFile; fileRef = 514F9E902C5006FD006B164A /* ArticleModel.swift */; };
		515621852C57C249005477BB /* NewIncomeView.swift in Sources */ = {isa = PBXBuildFile; fileRef = 515621842C57C249005477BB /* NewIncomeView.swift */; };
		515621872C57C567005477BB /* NewExpenseView.swift in Sources */ = {isa = PBXBuildFile; fileRef = 515621862C57C567005477BB /* NewExpenseView.swift */; };
		51599A1C2C4AB8E50052EADF /* LoadingView.swift in Sources */ = {isa = PBXBuildFile; fileRef = 51599A1B2C4AB8E50052EADF /* LoadingView.swift */; };
		5168598F2C4A51E100FBB014 /* Sport_ManagerApp.swift in Sources */ = {isa = PBXBuildFile; fileRef = 5168598E2C4A51E100FBB014 /* Sport_ManagerApp.swift */; };
		516859932C4A51E200FBB014 /* Assets.xcassets in Resources */ = {isa = PBXBuildFile; fileRef = 516859922C4A51E200FBB014 /* Assets.xcassets */; };
		516859962C4A51E200FBB014 /* Preview Assets.xcassets in Resources */ = {isa = PBXBuildFile; fileRef = 516859952C4A51E200FBB014 /* Preview Assets.xcassets */; };
		516859A02C4A51E300FBB014 /* Sport_ManagerTests.swift in Sources */ = {isa = PBXBuildFile; fileRef = 5168599F2C4A51E300FBB014 /* Sport_ManagerTests.swift */; };
		516859AA2C4A51E300FBB014 /* Sport_ManagerUITests.swift in Sources */ = {isa = PBXBuildFile; fileRef = 516859A92C4A51E300FBB014 /* Sport_ManagerUITests.swift */; };
		516859AC2C4A51E300FBB014 /* Sport_ManagerUITestsLaunchTests.swift in Sources */ = {isa = PBXBuildFile; fileRef = 516859AB2C4A51E300FBB014 /* Sport_ManagerUITestsLaunchTests.swift */; };
		516859BB2C4A551D00FBB014 /* OnboardViewPresenter.swift in Sources */ = {isa = PBXBuildFile; fileRef = 516859BA2C4A551D00FBB014 /* OnboardViewPresenter.swift */; };
		516859C12C4AB5EC00FBB014 /* RootView.swift in Sources */ = {isa = PBXBuildFile; fileRef = 516859C02C4AB5EC00FBB014 /* RootView.swift */; };
		51713C582C592F8A008ACAAB /* ExtetionView to (hideKeyboard).swift in Sources */ = {isa = PBXBuildFile; fileRef = 51713C572C592F8A008ACAAB /* ExtetionView to (hideKeyboard).swift */; };
		51713C5A2C593C1D008ACAAB /* AllPostsView.swift in Sources */ = {isa = PBXBuildFile; fileRef = 51713C592C593C1D008ACAAB /* AllPostsView.swift */; };
		51713C5C2C594C17008ACAAB /* PostDescription.swift in Sources */ = {isa = PBXBuildFile; fileRef = 51713C5B2C594C17008ACAAB /* PostDescription.swift */; };
		5171E3732C5775FC00415FA6 /* AllEventsView.swift in Sources */ = {isa = PBXBuildFile; fileRef = 5171E3722C5775FC00415FA6 /* AllEventsView.swift */; };
		5171E3752C57823F00415FA6 /* AllArticlesView.swift in Sources */ = {isa = PBXBuildFile; fileRef = 5171E3742C57823F00415FA6 /* AllArticlesView.swift */; };
		5171E3772C5785DF00415FA6 /* IncomeModel.swift in Sources */ = {isa = PBXBuildFile; fileRef = 5171E3762C5785DF00415FA6 /* IncomeModel.swift */; };
		5171E3792C5785F300415FA6 /* ExpensModel.swift in Sources */ = {isa = PBXBuildFile; fileRef = 5171E3782C5785F300415FA6 /* ExpensModel.swift */; };
		5171E37B2C57877A00415FA6 /* IsEmptyView.swift in Sources */ = {isa = PBXBuildFile; fileRef = 5171E37A2C57877A00415FA6 /* IsEmptyView.swift */; };
		5171E37E2C57891900415FA6 /* IncomesView.swift in Sources */ = {isa = PBXBuildFile; fileRef = 5171E37D2C57891900415FA6 /* IncomesView.swift */; };
		5171E3802C5798E900415FA6 /* PopUpView.swift in Sources */ = {isa = PBXBuildFile; fileRef = 5171E37F2C5798E900415FA6 /* PopUpView.swift */; };
		517246FE2C539B8D008EF4F6 /* EventModel.swift in Sources */ = {isa = PBXBuildFile; fileRef = 517246FD2C539B8D008EF4F6 /* EventModel.swift */; };
		517247002C539CA9008EF4F6 /* NewEventView.swift in Sources */ = {isa = PBXBuildFile; fileRef = 517246FF2C539CA9008EF4F6 /* NewEventView.swift */; };
		517247022C539D3B008EF4F6 /* EventDescription.swift in Sources */ = {isa = PBXBuildFile; fileRef = 517247012C539D3B008EF4F6 /* EventDescription.swift */; };
		5173D16D2C4FD9F2005909B1 /* EventsView.swift in Sources */ = {isa = PBXBuildFile; fileRef = 5173D16C2C4FD9F2005909B1 /* EventsView.swift */; };
		5173D16F2C4FDA0A005909B1 /* BudgetView.swift in Sources */ = {isa = PBXBuildFile; fileRef = 5173D16E2C4FDA0A005909B1 /* BudgetView.swift */; };
		5173D1712C4FDA1B005909B1 /* PostsView.swift in Sources */ = {isa = PBXBuildFile; fileRef = 5173D1702C4FDA1B005909B1 /* PostsView.swift */; };
		5173D1732C4FDA2E005909B1 /* SettingsView.swift in Sources */ = {isa = PBXBuildFile; fileRef = 5173D1722C4FDA2E005909B1 /* SettingsView.swift */; };
		5176E8832C4FBE4000940EA7 /* ArticlesView.swift in Sources */ = {isa = PBXBuildFile; fileRef = 5176E8822C4FBE4000940EA7 /* ArticlesView.swift */; };
		5176E8852C4FC06F00940EA7 /* TabViewItem.swift in Sources */ = {isa = PBXBuildFile; fileRef = 5176E8842C4FC06F00940EA7 /* TabViewItem.swift */; };
		517972462C58B4C700958BC5 /* NewPurchase.swift in Sources */ = {isa = PBXBuildFile; fileRef = 517972452C58B4C700958BC5 /* NewPurchase.swift */; };
		517972482C58C9E700958BC5 /* ExpensesView.swift in Sources */ = {isa = PBXBuildFile; fileRef = 517972472C58C9E600958BC5 /* ExpensesView.swift */; };
		5179724A2C58CCD700958BC5 /* CustomSegmetedControl.swift in Sources */ = {isa = PBXBuildFile; fileRef = 517972492C58CCD700958BC5 /* CustomSegmetedControl.swift */; };
		5179724D2C59104000958BC5 /* OnboardView.swift in Sources */ = {isa = PBXBuildFile; fileRef = 5179724C2C59104000958BC5 /* OnboardView.swift */; };
		5179724F2C5912A200958BC5 /* NewPostView.swift in Sources */ = {isa = PBXBuildFile; fileRef = 5179724E2C5912A200958BC5 /* NewPostView.swift */; };
		517972512C5912E300958BC5 /* PostModel.swift in Sources */ = {isa = PBXBuildFile; fileRef = 517972502C5912E300958BC5 /* PostModel.swift */; };
		517B6A5E2C5A25E500F31CD1 /* CustomResetAlert.swift in Sources */ = {isa = PBXBuildFile; fileRef = 517B6A5D2C5A25E500F31CD1 /* CustomResetAlert.swift */; };
		517B6A602C5A30D100F31CD1 /* CustomRateAlert.swift in Sources */ = {isa = PBXBuildFile; fileRef = 517B6A5F2C5A30D100F31CD1 /* CustomRateAlert.swift */; };
		51AEEE3A2C5155FB00CD2C96 /* ArticleDescription.swift in Sources */ = {isa = PBXBuildFile; fileRef = 51AEEE392C5155FB00CD2C96 /* ArticleDescription.swift */; };
		51BEDADC2C526E4300E8D3D4 /* DataManager.swift in Sources */ = {isa = PBXBuildFile; fileRef = 51BEDADB2C526E4300E8D3D4 /* DataManager.swift */; };
/* End PBXBuildFile section */

/* Begin PBXContainerItemProxy section */
		5168599C2C4A51E300FBB014 /* PBXContainerItemProxy */ = {
			isa = PBXContainerItemProxy;
			containerPortal = 516859832C4A51E100FBB014 /* Project object */;
			proxyType = 1;
			remoteGlobalIDString = 5168598A2C4A51E100FBB014;
			remoteInfo = "Sport Manager";
		};
		516859A62C4A51E300FBB014 /* PBXContainerItemProxy */ = {
			isa = PBXContainerItemProxy;
			containerPortal = 516859832C4A51E100FBB014 /* Project object */;
			proxyType = 1;
			remoteGlobalIDString = 5168598A2C4A51E100FBB014;
			remoteInfo = "Sport Manager";
		};
/* End PBXContainerItemProxy section */

/* Begin PBXFileReference section */
		514F9E8E2C5005CE006B164A /* NewArticle.swift */ = {isa = PBXFileReference; lastKnownFileType = sourcecode.swift; path = NewArticle.swift; sourceTree = "<group>"; };
		514F9E902C5006FD006B164A /* ArticleModel.swift */ = {isa = PBXFileReference; lastKnownFileType = sourcecode.swift; path = ArticleModel.swift; sourceTree = "<group>"; };
		515621842C57C249005477BB /* NewIncomeView.swift */ = {isa = PBXFileReference; lastKnownFileType = sourcecode.swift; path = NewIncomeView.swift; sourceTree = "<group>"; };
		515621862C57C567005477BB /* NewExpenseView.swift */ = {isa = PBXFileReference; lastKnownFileType = sourcecode.swift; path = NewExpenseView.swift; sourceTree = "<group>"; };
		51599A1B2C4AB8E50052EADF /* LoadingView.swift */ = {isa = PBXFileReference; lastKnownFileType = sourcecode.swift; path = LoadingView.swift; sourceTree = "<group>"; };
		5168598B2C4A51E100FBB014 /* Sport Manager.app */ = {isa = PBXFileReference; explicitFileType = wrapper.application; includeInIndex = 0; path = "Sport Manager.app"; sourceTree = BUILT_PRODUCTS_DIR; };
		5168598E2C4A51E100FBB014 /* Sport_ManagerApp.swift */ = {isa = PBXFileReference; lastKnownFileType = sourcecode.swift; path = Sport_ManagerApp.swift; sourceTree = "<group>"; };
		516859922C4A51E200FBB014 /* Assets.xcassets */ = {isa = PBXFileReference; lastKnownFileType = folder.assetcatalog; path = Assets.xcassets; sourceTree = "<group>"; };
		516859952C4A51E200FBB014 /* Preview Assets.xcassets */ = {isa = PBXFileReference; lastKnownFileType = folder.assetcatalog; path = "Preview Assets.xcassets"; sourceTree = "<group>"; };
		5168599B2C4A51E300FBB014 /* Sport ManagerTests.xctest */ = {isa = PBXFileReference; explicitFileType = wrapper.cfbundle; includeInIndex = 0; path = "Sport ManagerTests.xctest"; sourceTree = BUILT_PRODUCTS_DIR; };
		5168599F2C4A51E300FBB014 /* Sport_ManagerTests.swift */ = {isa = PBXFileReference; lastKnownFileType = sourcecode.swift; path = Sport_ManagerTests.swift; sourceTree = "<group>"; };
		516859A52C4A51E300FBB014 /* Sport ManagerUITests.xctest */ = {isa = PBXFileReference; explicitFileType = wrapper.cfbundle; includeInIndex = 0; path = "Sport ManagerUITests.xctest"; sourceTree = BUILT_PRODUCTS_DIR; };
		516859A92C4A51E300FBB014 /* Sport_ManagerUITests.swift */ = {isa = PBXFileReference; lastKnownFileType = sourcecode.swift; path = Sport_ManagerUITests.swift; sourceTree = "<group>"; };
		516859AB2C4A51E300FBB014 /* Sport_ManagerUITestsLaunchTests.swift */ = {isa = PBXFileReference; lastKnownFileType = sourcecode.swift; path = Sport_ManagerUITestsLaunchTests.swift; sourceTree = "<group>"; };
		516859BA2C4A551D00FBB014 /* OnboardViewPresenter.swift */ = {isa = PBXFileReference; lastKnownFileType = sourcecode.swift; path = OnboardViewPresenter.swift; sourceTree = "<group>"; };
		516859C02C4AB5EC00FBB014 /* RootView.swift */ = {isa = PBXFileReference; lastKnownFileType = sourcecode.swift; path = RootView.swift; sourceTree = "<group>"; };
		51713C572C592F8A008ACAAB /* ExtetionView to (hideKeyboard).swift */ = {isa = PBXFileReference; lastKnownFileType = sourcecode.swift; path = "ExtetionView to (hideKeyboard).swift"; sourceTree = "<group>"; };
		51713C592C593C1D008ACAAB /* AllPostsView.swift */ = {isa = PBXFileReference; lastKnownFileType = sourcecode.swift; path = AllPostsView.swift; sourceTree = "<group>"; };
		51713C5B2C594C17008ACAAB /* PostDescription.swift */ = {isa = PBXFileReference; lastKnownFileType = sourcecode.swift; path = PostDescription.swift; sourceTree = "<group>"; };
		5171E3722C5775FC00415FA6 /* AllEventsView.swift */ = {isa = PBXFileReference; lastKnownFileType = sourcecode.swift; path = AllEventsView.swift; sourceTree = "<group>"; };
		5171E3742C57823F00415FA6 /* AllArticlesView.swift */ = {isa = PBXFileReference; lastKnownFileType = sourcecode.swift; path = AllArticlesView.swift; sourceTree = "<group>"; };
		5171E3762C5785DF00415FA6 /* IncomeModel.swift */ = {isa = PBXFileReference; lastKnownFileType = sourcecode.swift; path = IncomeModel.swift; sourceTree = "<group>"; };
		5171E3782C5785F300415FA6 /* ExpensModel.swift */ = {isa = PBXFileReference; lastKnownFileType = sourcecode.swift; path = ExpensModel.swift; sourceTree = "<group>"; };
		5171E37A2C57877A00415FA6 /* IsEmptyView.swift */ = {isa = PBXFileReference; lastKnownFileType = sourcecode.swift; path = IsEmptyView.swift; sourceTree = "<group>"; };
		5171E37D2C57891900415FA6 /* IncomesView.swift */ = {isa = PBXFileReference; lastKnownFileType = sourcecode.swift; path = IncomesView.swift; sourceTree = "<group>"; };
		5171E37F2C5798E900415FA6 /* PopUpView.swift */ = {isa = PBXFileReference; lastKnownFileType = sourcecode.swift; path = PopUpView.swift; sourceTree = "<group>"; };
		517246FD2C539B8D008EF4F6 /* EventModel.swift */ = {isa = PBXFileReference; lastKnownFileType = sourcecode.swift; path = EventModel.swift; sourceTree = "<group>"; };
		517246FF2C539CA9008EF4F6 /* NewEventView.swift */ = {isa = PBXFileReference; lastKnownFileType = sourcecode.swift; path = NewEventView.swift; sourceTree = "<group>"; };
		517247012C539D3B008EF4F6 /* EventDescription.swift */ = {isa = PBXFileReference; lastKnownFileType = sourcecode.swift; path = EventDescription.swift; sourceTree = "<group>"; };
		5173D16C2C4FD9F2005909B1 /* EventsView.swift */ = {isa = PBXFileReference; lastKnownFileType = sourcecode.swift; path = EventsView.swift; sourceTree = "<group>"; };
		5173D16E2C4FDA0A005909B1 /* BudgetView.swift */ = {isa = PBXFileReference; lastKnownFileType = sourcecode.swift; path = BudgetView.swift; sourceTree = "<group>"; };
		5173D1702C4FDA1B005909B1 /* PostsView.swift */ = {isa = PBXFileReference; lastKnownFileType = sourcecode.swift; path = PostsView.swift; sourceTree = "<group>"; };
		5173D1722C4FDA2E005909B1 /* SettingsView.swift */ = {isa = PBXFileReference; lastKnownFileType = sourcecode.swift; path = SettingsView.swift; sourceTree = "<group>"; };
		5176E8822C4FBE4000940EA7 /* ArticlesView.swift */ = {isa = PBXFileReference; lastKnownFileType = sourcecode.swift; path = ArticlesView.swift; sourceTree = "<group>"; };
		5176E8842C4FC06F00940EA7 /* TabViewItem.swift */ = {isa = PBXFileReference; lastKnownFileType = sourcecode.swift; path = TabViewItem.swift; sourceTree = "<group>"; };
		517972452C58B4C700958BC5 /* NewPurchase.swift */ = {isa = PBXFileReference; lastKnownFileType = sourcecode.swift; path = NewPurchase.swift; sourceTree = "<group>"; };
		517972472C58C9E600958BC5 /* ExpensesView.swift */ = {isa = PBXFileReference; lastKnownFileType = sourcecode.swift; path = ExpensesView.swift; sourceTree = "<group>"; };
		517972492C58CCD700958BC5 /* CustomSegmetedControl.swift */ = {isa = PBXFileReference; lastKnownFileType = sourcecode.swift; path = CustomSegmetedControl.swift; sourceTree = "<group>"; };
		5179724C2C59104000958BC5 /* OnboardView.swift */ = {isa = PBXFileReference; lastKnownFileType = sourcecode.swift; path = OnboardView.swift; sourceTree = "<group>"; };
		5179724E2C5912A200958BC5 /* NewPostView.swift */ = {isa = PBXFileReference; lastKnownFileType = sourcecode.swift; path = NewPostView.swift; sourceTree = "<group>"; };
		517972502C5912E300958BC5 /* PostModel.swift */ = {isa = PBXFileReference; lastKnownFileType = sourcecode.swift; path = PostModel.swift; sourceTree = "<group>"; };
		517B6A5D2C5A25E500F31CD1 /* CustomResetAlert.swift */ = {isa = PBXFileReference; lastKnownFileType = sourcecode.swift; path = CustomResetAlert.swift; sourceTree = "<group>"; };
		517B6A5F2C5A30D100F31CD1 /* CustomRateAlert.swift */ = {isa = PBXFileReference; lastKnownFileType = sourcecode.swift; path = CustomRateAlert.swift; sourceTree = "<group>"; };
		51AEEE362C511F0400CD2C96 /* Sport-Manager-Info.plist */ = {isa = PBXFileReference; lastKnownFileType = text.plist; path = "Sport-Manager-Info.plist"; sourceTree = SOURCE_ROOT; };
		51AEEE392C5155FB00CD2C96 /* ArticleDescription.swift */ = {isa = PBXFileReference; lastKnownFileType = sourcecode.swift; path = ArticleDescription.swift; sourceTree = "<group>"; };
		51BEDADB2C526E4300E8D3D4 /* DataManager.swift */ = {isa = PBXFileReference; lastKnownFileType = sourcecode.swift; path = DataManager.swift; sourceTree = "<group>"; };
/* End PBXFileReference section */

/* Begin PBXFrameworksBuildPhase section */
		516859882C4A51E100FBB014 /* Frameworks */ = {
			isa = PBXFrameworksBuildPhase;
			buildActionMask = 2147483647;
			files = (
			);
			runOnlyForDeploymentPostprocessing = 0;
		};
		516859982C4A51E300FBB014 /* Frameworks */ = {
			isa = PBXFrameworksBuildPhase;
			buildActionMask = 2147483647;
			files = (
			);
			runOnlyForDeploymentPostprocessing = 0;
		};
		516859A22C4A51E300FBB014 /* Frameworks */ = {
			isa = PBXFrameworksBuildPhase;
			buildActionMask = 2147483647;
			files = (
			);
			runOnlyForDeploymentPostprocessing = 0;
		};
/* End PBXFrameworksBuildPhase section */

/* Begin PBXGroup section */
		512FB3FE2C53BAE300A81D7A /* ArticleViews */ = {
			isa = PBXGroup;
			children = (
				5176E8822C4FBE4000940EA7 /* ArticlesView.swift */,
				5171E3742C57823F00415FA6 /* AllArticlesView.swift */,
				514F9E8E2C5005CE006B164A /* NewArticle.swift */,
				51AEEE392C5155FB00CD2C96 /* ArticleDescription.swift */,
			);
			path = ArticleViews;
			sourceTree = "<group>";
		};
		512FB3FF2C53BB1900A81D7A /* EventsViews */ = {
			isa = PBXGroup;
			children = (
				5173D16C2C4FD9F2005909B1 /* EventsView.swift */,
				5171E3722C5775FC00415FA6 /* AllEventsView.swift */,
				517246FF2C539CA9008EF4F6 /* NewEventView.swift */,
				517247012C539D3B008EF4F6 /* EventDescription.swift */,
			);
			path = EventsViews;
			sourceTree = "<group>";
		};
		516859822C4A51E100FBB014 = {
			isa = PBXGroup;
			children = (
				5168598D2C4A51E100FBB014 /* Sport Manager */,
				5168599E2C4A51E300FBB014 /* Sport ManagerTests */,
				516859A82C4A51E300FBB014 /* Sport ManagerUITests */,
				5168598C2C4A51E100FBB014 /* Products */,
			);
			sourceTree = "<group>";
		};
		5168598C2C4A51E100FBB014 /* Products */ = {
			isa = PBXGroup;
			children = (
				5168598B2C4A51E100FBB014 /* Sport Manager.app */,
				5168599B2C4A51E300FBB014 /* Sport ManagerTests.xctest */,
				516859A52C4A51E300FBB014 /* Sport ManagerUITests.xctest */,
			);
			name = Products;
			sourceTree = "<group>";
		};
		5168598D2C4A51E100FBB014 /* Sport Manager */ = {
			isa = PBXGroup;
			children = (
				51AEEE362C511F0400CD2C96 /* Sport-Manager-Info.plist */,
				5168598E2C4A51E100FBB014 /* Sport_ManagerApp.swift */,
				517732B02C50F833006EB2F0 /* Models */,
				516859C02C4AB5EC00FBB014 /* RootView.swift */,
				5173D1742C4FDA49005909B1 /* StartViews */,
				5173D1752C4FDA6A005909B1 /* TabViews */,
				5173D1782C4FDB27005909B1 /* Helpers */,
				516859922C4A51E200FBB014 /* Assets.xcassets */,
				516859942C4A51E200FBB014 /* Preview Content */,
			);
			path = "Sport Manager";
			sourceTree = "<group>";
		};
		516859942C4A51E200FBB014 /* Preview Content */ = {
			isa = PBXGroup;
			children = (
				516859952C4A51E200FBB014 /* Preview Assets.xcassets */,
			);
			path = "Preview Content";
			sourceTree = "<group>";
		};
		5168599E2C4A51E300FBB014 /* Sport ManagerTests */ = {
			isa = PBXGroup;
			children = (
				5168599F2C4A51E300FBB014 /* Sport_ManagerTests.swift */,
			);
			path = "Sport ManagerTests";
			sourceTree = "<group>";
		};
		516859A82C4A51E300FBB014 /* Sport ManagerUITests */ = {
			isa = PBXGroup;
			children = (
				516859A92C4A51E300FBB014 /* Sport_ManagerUITests.swift */,
				516859AB2C4A51E300FBB014 /* Sport_ManagerUITestsLaunchTests.swift */,
			);
			path = "Sport ManagerUITests";
			sourceTree = "<group>";
		};
		5171E37C2C5788EB00415FA6 /* BudgetViews */ = {
			isa = PBXGroup;
			children = (
				5173D16E2C4FDA0A005909B1 /* BudgetView.swift */,
				5171E37D2C57891900415FA6 /* IncomesView.swift */,
				517972472C58C9E600958BC5 /* ExpensesView.swift */,
				515621842C57C249005477BB /* NewIncomeView.swift */,
				515621862C57C567005477BB /* NewExpenseView.swift */,
			);
			path = BudgetViews;
			sourceTree = "<group>";
		};
		5173D1742C4FDA49005909B1 /* StartViews */ = {
			isa = PBXGroup;
			children = (
				516859BA2C4A551D00FBB014 /* OnboardViewPresenter.swift */,
				51599A1B2C4AB8E50052EADF /* LoadingView.swift */,
			);
			path = StartViews;
			sourceTree = "<group>";
		};
		5173D1752C4FDA6A005909B1 /* TabViews */ = {
			isa = PBXGroup;
			children = (
				512FB3FE2C53BAE300A81D7A /* ArticleViews */,
				512FB3FF2C53BB1900A81D7A /* EventsViews */,
				5171E37C2C5788EB00415FA6 /* BudgetViews */,
				5179724B2C590D2000958BC5 /* PostViews */,
				5173D1722C4FDA2E005909B1 /* SettingsView.swift */,
			);
			path = TabViews;
			sourceTree = "<group>";
		};
		5173D1782C4FDB27005909B1 /* Helpers */ = {
			isa = PBXGroup;
			children = (
				51BEDADB2C526E4300E8D3D4 /* DataManager.swift */,
				5176E8842C4FC06F00940EA7 /* TabViewItem.swift */,
				51713C572C592F8A008ACAAB /* ExtetionView to (hideKeyboard).swift */,
				517972492C58CCD700958BC5 /* CustomSegmetedControl.swift */,
				5171E37F2C5798E900415FA6 /* PopUpView.swift */,
				5171E37A2C57877A00415FA6 /* IsEmptyView.swift */,
				5179724C2C59104000958BC5 /* OnboardView.swift */,
				517B6A5D2C5A25E500F31CD1 /* CustomResetAlert.swift */,
				517B6A5F2C5A30D100F31CD1 /* CustomRateAlert.swift */,
			);
			path = Helpers;
			sourceTree = "<group>";
		};
		517732B02C50F833006EB2F0 /* Models */ = {
			isa = PBXGroup;
			children = (
				517972452C58B4C700958BC5 /* NewPurchase.swift */,
				514F9E902C5006FD006B164A /* ArticleModel.swift */,
				517246FD2C539B8D008EF4F6 /* EventModel.swift */,
				5171E3762C5785DF00415FA6 /* IncomeModel.swift */,
				517972502C5912E300958BC5 /* PostModel.swift */,
				5171E3782C5785F300415FA6 /* ExpensModel.swift */,
			);
			path = Models;
			sourceTree = "<group>";
		};
		5179724B2C590D2000958BC5 /* PostViews */ = {
			isa = PBXGroup;
			children = (
				5173D1702C4FDA1B005909B1 /* PostsView.swift */,
				5179724E2C5912A200958BC5 /* NewPostView.swift */,
				51713C592C593C1D008ACAAB /* AllPostsView.swift */,
				51713C5B2C594C17008ACAAB /* PostDescription.swift */,
			);
			path = PostViews;
			sourceTree = "<group>";
		};
/* End PBXGroup section */

/* Begin PBXNativeTarget section */
		5168598A2C4A51E100FBB014 /* Sport Manager */ = {
			isa = PBXNativeTarget;
			buildConfigurationList = 516859AF2C4A51E300FBB014 /* Build configuration list for PBXNativeTarget "Sport Manager" */;
			buildPhases = (
				516859872C4A51E100FBB014 /* Sources */,
				516859882C4A51E100FBB014 /* Frameworks */,
				516859892C4A51E100FBB014 /* Resources */,
			);
			buildRules = (
			);
			dependencies = (
			);
			name = "Sport Manager";
			productName = "Sport Manager";
			productReference = 5168598B2C4A51E100FBB014 /* Sport Manager.app */;
			productType = "com.apple.product-type.application";
		};
		5168599A2C4A51E300FBB014 /* Sport ManagerTests */ = {
			isa = PBXNativeTarget;
			buildConfigurationList = 516859B22C4A51E300FBB014 /* Build configuration list for PBXNativeTarget "Sport ManagerTests" */;
			buildPhases = (
				516859972C4A51E300FBB014 /* Sources */,
				516859982C4A51E300FBB014 /* Frameworks */,
				516859992C4A51E300FBB014 /* Resources */,
			);
			buildRules = (
			);
			dependencies = (
				5168599D2C4A51E300FBB014 /* PBXTargetDependency */,
			);
			name = "Sport ManagerTests";
			productName = "Sport ManagerTests";
			productReference = 5168599B2C4A51E300FBB014 /* Sport ManagerTests.xctest */;
			productType = "com.apple.product-type.bundle.unit-test";
		};
		516859A42C4A51E300FBB014 /* Sport ManagerUITests */ = {
			isa = PBXNativeTarget;
			buildConfigurationList = 516859B52C4A51E300FBB014 /* Build configuration list for PBXNativeTarget "Sport ManagerUITests" */;
			buildPhases = (
				516859A12C4A51E300FBB014 /* Sources */,
				516859A22C4A51E300FBB014 /* Frameworks */,
				516859A32C4A51E300FBB014 /* Resources */,
			);
			buildRules = (
			);
			dependencies = (
				516859A72C4A51E300FBB014 /* PBXTargetDependency */,
			);
			name = "Sport ManagerUITests";
			productName = "Sport ManagerUITests";
			productReference = 516859A52C4A51E300FBB014 /* Sport ManagerUITests.xctest */;
			productType = "com.apple.product-type.bundle.ui-testing";
		};
/* End PBXNativeTarget section */

/* Begin PBXProject section */
		516859832C4A51E100FBB014 /* Project object */ = {
			isa = PBXProject;
			attributes = {
				BuildIndependentTargetsInParallel = 1;
				LastSwiftUpdateCheck = 1540;
				LastUpgradeCheck = 1540;
				TargetAttributes = {
					5168598A2C4A51E100FBB014 = {
						CreatedOnToolsVersion = 15.4;
					};
					5168599A2C4A51E300FBB014 = {
						CreatedOnToolsVersion = 15.4;
						TestTargetID = 5168598A2C4A51E100FBB014;
					};
					516859A42C4A51E300FBB014 = {
						CreatedOnToolsVersion = 15.4;
						TestTargetID = 5168598A2C4A51E100FBB014;
					};
				};
			};
			buildConfigurationList = 516859862C4A51E100FBB014 /* Build configuration list for PBXProject "Sport Manager" */;
			compatibilityVersion = "Xcode 14.0";
			developmentRegion = en;
			hasScannedForEncodings = 0;
			knownRegions = (
				en,
				Base,
			);
			mainGroup = 516859822C4A51E100FBB014;
			productRefGroup = 5168598C2C4A51E100FBB014 /* Products */;
			projectDirPath = "";
			projectRoot = "";
			targets = (
				5168598A2C4A51E100FBB014 /* Sport Manager */,
				5168599A2C4A51E300FBB014 /* Sport ManagerTests */,
				516859A42C4A51E300FBB014 /* Sport ManagerUITests */,
			);
		};
/* End PBXProject section */

/* Begin PBXResourcesBuildPhase section */
		516859892C4A51E100FBB014 /* Resources */ = {
			isa = PBXResourcesBuildPhase;
			buildActionMask = 2147483647;
			files = (
				516859962C4A51E200FBB014 /* Preview Assets.xcassets in Resources */,
				516859932C4A51E200FBB014 /* Assets.xcassets in Resources */,
			);
			runOnlyForDeploymentPostprocessing = 0;
		};
		516859992C4A51E300FBB014 /* Resources */ = {
			isa = PBXResourcesBuildPhase;
			buildActionMask = 2147483647;
			files = (
			);
			runOnlyForDeploymentPostprocessing = 0;
		};
		516859A32C4A51E300FBB014 /* Resources */ = {
			isa = PBXResourcesBuildPhase;
			buildActionMask = 2147483647;
			files = (
			);
			runOnlyForDeploymentPostprocessing = 0;
		};
/* End PBXResourcesBuildPhase section */

/* Begin PBXSourcesBuildPhase section */
		516859872C4A51E100FBB014 /* Sources */ = {
			isa = PBXSourcesBuildPhase;
			buildActionMask = 2147483647;
			files = (
				517B6A602C5A30D100F31CD1 /* CustomRateAlert.swift in Sources */,
				514F9E912C5006FD006B164A /* ArticleModel.swift in Sources */,
				517972512C5912E300958BC5 /* PostModel.swift in Sources */,
				5171E37E2C57891900415FA6 /* IncomesView.swift in Sources */,
				51713C582C592F8A008ACAAB /* ExtetionView to (hideKeyboard).swift in Sources */,
				51BEDADC2C526E4300E8D3D4 /* DataManager.swift in Sources */,
				516859BB2C4A551D00FBB014 /* OnboardViewPresenter.swift in Sources */,
				5171E3752C57823F00415FA6 /* AllArticlesView.swift in Sources */,
				51AEEE3A2C5155FB00CD2C96 /* ArticleDescription.swift in Sources */,
				5171E3772C5785DF00415FA6 /* IncomeModel.swift in Sources */,
				514F9E8F2C5005CE006B164A /* NewArticle.swift in Sources */,
				5173D16F2C4FDA0A005909B1 /* BudgetView.swift in Sources */,
				5171E37B2C57877A00415FA6 /* IsEmptyView.swift in Sources */,
				5171E3732C5775FC00415FA6 /* AllEventsView.swift in Sources */,
				5173D16D2C4FD9F2005909B1 /* EventsView.swift in Sources */,
				51713C5C2C594C17008ACAAB /* PostDescription.swift in Sources */,
				515621852C57C249005477BB /* NewIncomeView.swift in Sources */,
				5171E3792C5785F300415FA6 /* ExpensModel.swift in Sources */,
				5176E8832C4FBE4000940EA7 /* ArticlesView.swift in Sources */,
				515621872C57C567005477BB /* NewExpenseView.swift in Sources */,
				5179724D2C59104000958BC5 /* OnboardView.swift in Sources */,
				51599A1C2C4AB8E50052EADF /* LoadingView.swift in Sources */,
				5179724A2C58CCD700958BC5 /* CustomSegmetedControl.swift in Sources */,
				5173D1732C4FDA2E005909B1 /* SettingsView.swift in Sources */,
				5168598F2C4A51E100FBB014 /* Sport_ManagerApp.swift in Sources */,
				5176E8852C4FC06F00940EA7 /* TabViewItem.swift in Sources */,
				517972482C58C9E700958BC5 /* ExpensesView.swift in Sources */,
				517972462C58B4C700958BC5 /* NewPurchase.swift in Sources */,
				517B6A5E2C5A25E500F31CD1 /* CustomResetAlert.swift in Sources */,
				517247002C539CA9008EF4F6 /* NewEventView.swift in Sources */,
				516859C12C4AB5EC00FBB014 /* RootView.swift in Sources */,
				517246FE2C539B8D008EF4F6 /* EventModel.swift in Sources */,
				5173D1712C4FDA1B005909B1 /* PostsView.swift in Sources */,
				51713C5A2C593C1D008ACAAB /* AllPostsView.swift in Sources */,
				517247022C539D3B008EF4F6 /* EventDescription.swift in Sources */,
				5179724F2C5912A200958BC5 /* NewPostView.swift in Sources */,
				5171E3802C5798E900415FA6 /* PopUpView.swift in Sources */,
			);
			runOnlyForDeploymentPostprocessing = 0;
		};
		516859972C4A51E300FBB014 /* Sources */ = {
			isa = PBXSourcesBuildPhase;
			buildActionMask = 2147483647;
			files = (
				516859A02C4A51E300FBB014 /* Sport_ManagerTests.swift in Sources */,
			);
			runOnlyForDeploymentPostprocessing = 0;
		};
		516859A12C4A51E300FBB014 /* Sources */ = {
			isa = PBXSourcesBuildPhase;
			buildActionMask = 2147483647;
			files = (
				516859AA2C4A51E300FBB014 /* Sport_ManagerUITests.swift in Sources */,
				516859AC2C4A51E300FBB014 /* Sport_ManagerUITestsLaunchTests.swift in Sources */,
			);
			runOnlyForDeploymentPostprocessing = 0;
		};
/* End PBXSourcesBuildPhase section */

/* Begin PBXTargetDependency section */
		5168599D2C4A51E300FBB014 /* PBXTargetDependency */ = {
			isa = PBXTargetDependency;
			target = 5168598A2C4A51E100FBB014 /* Sport Manager */;
			targetProxy = 5168599C2C4A51E300FBB014 /* PBXContainerItemProxy */;
		};
		516859A72C4A51E300FBB014 /* PBXTargetDependency */ = {
			isa = PBXTargetDependency;
			target = 5168598A2C4A51E100FBB014 /* Sport Manager */;
			targetProxy = 516859A62C4A51E300FBB014 /* PBXContainerItemProxy */;
		};
/* End PBXTargetDependency section */

/* Begin XCBuildConfiguration section */
		516859AD2C4A51E300FBB014 /* Debug */ = {
			isa = XCBuildConfiguration;
			buildSettings = {
				ALWAYS_SEARCH_USER_PATHS = NO;
				ASSETCATALOG_COMPILER_GENERATE_SWIFT_ASSET_SYMBOL_EXTENSIONS = YES;
				CLANG_ANALYZER_NONNULL = YES;
				CLANG_ANALYZER_NUMBER_OBJECT_CONVERSION = YES_AGGRESSIVE;
				CLANG_CXX_LANGUAGE_STANDARD = "gnu++20";
				CLANG_ENABLE_MODULES = YES;
				CLANG_ENABLE_OBJC_ARC = YES;
				CLANG_ENABLE_OBJC_WEAK = YES;
				CLANG_WARN_BLOCK_CAPTURE_AUTORELEASING = YES;
				CLANG_WARN_BOOL_CONVERSION = YES;
				CLANG_WARN_COMMA = YES;
				CLANG_WARN_CONSTANT_CONVERSION = YES;
				CLANG_WARN_DEPRECATED_OBJC_IMPLEMENTATIONS = YES;
				CLANG_WARN_DIRECT_OBJC_ISA_USAGE = YES_ERROR;
				CLANG_WARN_DOCUMENTATION_COMMENTS = YES;
				CLANG_WARN_EMPTY_BODY = YES;
				CLANG_WARN_ENUM_CONVERSION = YES;
				CLANG_WARN_INFINITE_RECURSION = YES;
				CLANG_WARN_INT_CONVERSION = YES;
				CLANG_WARN_NON_LITERAL_NULL_CONVERSION = YES;
				CLANG_WARN_OBJC_IMPLICIT_RETAIN_SELF = YES;
				CLANG_WARN_OBJC_LITERAL_CONVERSION = YES;
				CLANG_WARN_OBJC_ROOT_CLASS = YES_ERROR;
				CLANG_WARN_QUOTED_INCLUDE_IN_FRAMEWORK_HEADER = YES;
				CLANG_WARN_RANGE_LOOP_ANALYSIS = YES;
				CLANG_WARN_STRICT_PROTOTYPES = YES;
				CLANG_WARN_SUSPICIOUS_MOVE = YES;
				CLANG_WARN_UNGUARDED_AVAILABILITY = YES_AGGRESSIVE;
				CLANG_WARN_UNREACHABLE_CODE = YES;
				CLANG_WARN__DUPLICATE_METHOD_MATCH = YES;
				COPY_PHASE_STRIP = NO;
				DEBUG_INFORMATION_FORMAT = dwarf;
				ENABLE_STRICT_OBJC_MSGSEND = YES;
				ENABLE_TESTABILITY = YES;
				ENABLE_USER_SCRIPT_SANDBOXING = YES;
				GCC_C_LANGUAGE_STANDARD = gnu17;
				GCC_DYNAMIC_NO_PIC = NO;
				GCC_NO_COMMON_BLOCKS = YES;
				GCC_OPTIMIZATION_LEVEL = 0;
				GCC_PREPROCESSOR_DEFINITIONS = (
					"DEBUG=1",
					"$(inherited)",
				);
				GCC_WARN_64_TO_32_BIT_CONVERSION = YES;
				GCC_WARN_ABOUT_RETURN_TYPE = YES_ERROR;
				GCC_WARN_UNDECLARED_SELECTOR = YES;
				GCC_WARN_UNINITIALIZED_AUTOS = YES_AGGRESSIVE;
				GCC_WARN_UNUSED_FUNCTION = YES;
				GCC_WARN_UNUSED_VARIABLE = YES;
				IPHONEOS_DEPLOYMENT_TARGET = 17.5;
				LOCALIZATION_PREFERS_STRING_CATALOGS = YES;
				MTL_ENABLE_DEBUG_INFO = INCLUDE_SOURCE;
				MTL_FAST_MATH = YES;
				ONLY_ACTIVE_ARCH = YES;
				SDKROOT = iphoneos;
				SWIFT_ACTIVE_COMPILATION_CONDITIONS = "DEBUG $(inherited)";
				SWIFT_OPTIMIZATION_LEVEL = "-Onone";
			};
			name = Debug;
		};
		516859AE2C4A51E300FBB014 /* Release */ = {
			isa = XCBuildConfiguration;
			buildSettings = {
				ALWAYS_SEARCH_USER_PATHS = NO;
				ASSETCATALOG_COMPILER_GENERATE_SWIFT_ASSET_SYMBOL_EXTENSIONS = YES;
				CLANG_ANALYZER_NONNULL = YES;
				CLANG_ANALYZER_NUMBER_OBJECT_CONVERSION = YES_AGGRESSIVE;
				CLANG_CXX_LANGUAGE_STANDARD = "gnu++20";
				CLANG_ENABLE_MODULES = YES;
				CLANG_ENABLE_OBJC_ARC = YES;
				CLANG_ENABLE_OBJC_WEAK = YES;
				CLANG_WARN_BLOCK_CAPTURE_AUTORELEASING = YES;
				CLANG_WARN_BOOL_CONVERSION = YES;
				CLANG_WARN_COMMA = YES;
				CLANG_WARN_CONSTANT_CONVERSION = YES;
				CLANG_WARN_DEPRECATED_OBJC_IMPLEMENTATIONS = YES;
				CLANG_WARN_DIRECT_OBJC_ISA_USAGE = YES_ERROR;
				CLANG_WARN_DOCUMENTATION_COMMENTS = YES;
				CLANG_WARN_EMPTY_BODY = YES;
				CLANG_WARN_ENUM_CONVERSION = YES;
				CLANG_WARN_INFINITE_RECURSION = YES;
				CLANG_WARN_INT_CONVERSION = YES;
				CLANG_WARN_NON_LITERAL_NULL_CONVERSION = YES;
				CLANG_WARN_OBJC_IMPLICIT_RETAIN_SELF = YES;
				CLANG_WARN_OBJC_LITERAL_CONVERSION = YES;
				CLANG_WARN_OBJC_ROOT_CLASS = YES_ERROR;
				CLANG_WARN_QUOTED_INCLUDE_IN_FRAMEWORK_HEADER = YES;
				CLANG_WARN_RANGE_LOOP_ANALYSIS = YES;
				CLANG_WARN_STRICT_PROTOTYPES = YES;
				CLANG_WARN_SUSPICIOUS_MOVE = YES;
				CLANG_WARN_UNGUARDED_AVAILABILITY = YES_AGGRESSIVE;
				CLANG_WARN_UNREACHABLE_CODE = YES;
				CLANG_WARN__DUPLICATE_METHOD_MATCH = YES;
				COPY_PHASE_STRIP = NO;
				DEBUG_INFORMATION_FORMAT = "dwarf-with-dsym";
				ENABLE_NS_ASSERTIONS = NO;
				ENABLE_STRICT_OBJC_MSGSEND = YES;
				ENABLE_USER_SCRIPT_SANDBOXING = YES;
				GCC_C_LANGUAGE_STANDARD = gnu17;
				GCC_NO_COMMON_BLOCKS = YES;
				GCC_WARN_64_TO_32_BIT_CONVERSION = YES;
				GCC_WARN_ABOUT_RETURN_TYPE = YES_ERROR;
				GCC_WARN_UNDECLARED_SELECTOR = YES;
				GCC_WARN_UNINITIALIZED_AUTOS = YES_AGGRESSIVE;
				GCC_WARN_UNUSED_FUNCTION = YES;
				GCC_WARN_UNUSED_VARIABLE = YES;
				IPHONEOS_DEPLOYMENT_TARGET = 17.5;
				LOCALIZATION_PREFERS_STRING_CATALOGS = YES;
				MTL_ENABLE_DEBUG_INFO = NO;
				MTL_FAST_MATH = YES;
				SDKROOT = iphoneos;
				SWIFT_COMPILATION_MODE = wholemodule;
				VALIDATE_PRODUCT = YES;
			};
			name = Release;
		};
		516859B02C4A51E300FBB014 /* Debug */ = {
			isa = XCBuildConfiguration;
			buildSettings = {
				ASSETCATALOG_COMPILER_APPICON_NAME = AppIcon;
				ASSETCATALOG_COMPILER_GLOBAL_ACCENT_COLOR_NAME = AccentColor;
				CODE_SIGN_STYLE = Automatic;
				CURRENT_PROJECT_VERSION = 1;
				DEVELOPMENT_ASSET_PATHS = "\"Sport Manager/Preview Content\"";
				ENABLE_PREVIEWS = YES;
				GENERATE_INFOPLIST_FILE = YES;
				INFOPLIST_FILE = "Sport-Manager-Info.plist";
				INFOPLIST_KEY_UIApplicationSceneManifest_Generation = YES;
				INFOPLIST_KEY_UIApplicationSupportsIndirectInputEvents = YES;
				INFOPLIST_KEY_UILaunchScreen_Generation = YES;
				INFOPLIST_KEY_UISupportedInterfaceOrientations_iPad = "UIInterfaceOrientationPortrait UIInterfaceOrientationPortraitUpsideDown UIInterfaceOrientationLandscapeLeft UIInterfaceOrientationLandscapeRight";
				INFOPLIST_KEY_UISupportedInterfaceOrientations_iPhone = "UIInterfaceOrientationPortrait UIInterfaceOrientationLandscapeLeft UIInterfaceOrientationLandscapeRight";
				LD_RUNPATH_SEARCH_PATHS = (
					"$(inherited)",
					"@executable_path/Frameworks",
				);
				MARKETING_VERSION = 1.0;
				PRODUCT_BUNDLE_IDENTIFIER = "onlyMe.Sport-Manager";
				PRODUCT_NAME = "$(TARGET_NAME)";
				SWIFT_EMIT_LOC_STRINGS = YES;
				SWIFT_VERSION = 5.0;
				TARGETED_DEVICE_FAMILY = "1,2";
			};
			name = Debug;
		};
		516859B12C4A51E300FBB014 /* Release */ = {
			isa = XCBuildConfiguration;
			buildSettings = {
				ASSETCATALOG_COMPILER_APPICON_NAME = AppIcon;
				ASSETCATALOG_COMPILER_GLOBAL_ACCENT_COLOR_NAME = AccentColor;
				CODE_SIGN_STYLE = Automatic;
				CURRENT_PROJECT_VERSION = 1;
				DEVELOPMENT_ASSET_PATHS = "\"Sport Manager/Preview Content\"";
				ENABLE_PREVIEWS = YES;
				GENERATE_INFOPLIST_FILE = YES;
				INFOPLIST_FILE = "Sport-Manager-Info.plist";
				INFOPLIST_KEY_UIApplicationSceneManifest_Generation = YES;
				INFOPLIST_KEY_UIApplicationSupportsIndirectInputEvents = YES;
				INFOPLIST_KEY_UILaunchScreen_Generation = YES;
				INFOPLIST_KEY_UISupportedInterfaceOrientations_iPad = "UIInterfaceOrientationPortrait UIInterfaceOrientationPortraitUpsideDown UIInterfaceOrientationLandscapeLeft UIInterfaceOrientationLandscapeRight";
				INFOPLIST_KEY_UISupportedInterfaceOrientations_iPhone = "UIInterfaceOrientationPortrait UIInterfaceOrientationLandscapeLeft UIInterfaceOrientationLandscapeRight";
				LD_RUNPATH_SEARCH_PATHS = (
					"$(inherited)",
					"@executable_path/Frameworks",
				);
				MARKETING_VERSION = 1.0;
				PRODUCT_BUNDLE_IDENTIFIER = "onlyMe.Sport-Manager";
				PRODUCT_NAME = "$(TARGET_NAME)";
				SWIFT_EMIT_LOC_STRINGS = YES;
				SWIFT_VERSION = 5.0;
				TARGETED_DEVICE_FAMILY = "1,2";
			};
			name = Release;
		};
		516859B32C4A51E300FBB014 /* Debug */ = {
			isa = XCBuildConfiguration;
			buildSettings = {
				ALWAYS_EMBED_SWIFT_STANDARD_LIBRARIES = YES;
				BUNDLE_LOADER = "$(TEST_HOST)";
				CODE_SIGN_STYLE = Automatic;
				CURRENT_PROJECT_VERSION = 1;
				GENERATE_INFOPLIST_FILE = YES;
				IPHONEOS_DEPLOYMENT_TARGET = 17.5;
				MARKETING_VERSION = 1.0;
				PRODUCT_BUNDLE_IDENTIFIER = "onlyMe.Sport-ManagerTests";
				PRODUCT_NAME = "$(TARGET_NAME)";
				SWIFT_EMIT_LOC_STRINGS = NO;
				SWIFT_VERSION = 5.0;
				TARGETED_DEVICE_FAMILY = "1,2";
				TEST_HOST = "$(BUILT_PRODUCTS_DIR)/Sport Manager.app/$(BUNDLE_EXECUTABLE_FOLDER_PATH)/Sport Manager";
			};
			name = Debug;
		};
		516859B42C4A51E300FBB014 /* Release */ = {
			isa = XCBuildConfiguration;
			buildSettings = {
				ALWAYS_EMBED_SWIFT_STANDARD_LIBRARIES = YES;
				BUNDLE_LOADER = "$(TEST_HOST)";
				CODE_SIGN_STYLE = Automatic;
				CURRENT_PROJECT_VERSION = 1;
				GENERATE_INFOPLIST_FILE = YES;
				IPHONEOS_DEPLOYMENT_TARGET = 17.5;
				MARKETING_VERSION = 1.0;
				PRODUCT_BUNDLE_IDENTIFIER = "onlyMe.Sport-ManagerTests";
				PRODUCT_NAME = "$(TARGET_NAME)";
				SWIFT_EMIT_LOC_STRINGS = NO;
				SWIFT_VERSION = 5.0;
				TARGETED_DEVICE_FAMILY = "1,2";
				TEST_HOST = "$(BUILT_PRODUCTS_DIR)/Sport Manager.app/$(BUNDLE_EXECUTABLE_FOLDER_PATH)/Sport Manager";
			};
			name = Release;
		};
		516859B62C4A51E300FBB014 /* Debug */ = {
			isa = XCBuildConfiguration;
			buildSettings = {
				ALWAYS_EMBED_SWIFT_STANDARD_LIBRARIES = YES;
				CODE_SIGN_STYLE = Automatic;
				CURRENT_PROJECT_VERSION = 1;
				GENERATE_INFOPLIST_FILE = YES;
				MARKETING_VERSION = 1.0;
				PRODUCT_BUNDLE_IDENTIFIER = "onlyMe.Sport-ManagerUITests";
				PRODUCT_NAME = "$(TARGET_NAME)";
				SWIFT_EMIT_LOC_STRINGS = NO;
				SWIFT_VERSION = 5.0;
				TARGETED_DEVICE_FAMILY = "1,2";
				TEST_TARGET_NAME = "Sport Manager";
			};
			name = Debug;
		};
		516859B72C4A51E300FBB014 /* Release */ = {
			isa = XCBuildConfiguration;
			buildSettings = {
				ALWAYS_EMBED_SWIFT_STANDARD_LIBRARIES = YES;
				CODE_SIGN_STYLE = Automatic;
				CURRENT_PROJECT_VERSION = 1;
				GENERATE_INFOPLIST_FILE = YES;
				MARKETING_VERSION = 1.0;
				PRODUCT_BUNDLE_IDENTIFIER = "onlyMe.Sport-ManagerUITests";
				PRODUCT_NAME = "$(TARGET_NAME)";
				SWIFT_EMIT_LOC_STRINGS = NO;
				SWIFT_VERSION = 5.0;
				TARGETED_DEVICE_FAMILY = "1,2";
				TEST_TARGET_NAME = "Sport Manager";
			};
			name = Release;
		};
/* End XCBuildConfiguration section */

/* Begin XCConfigurationList section */
		516859862C4A51E100FBB014 /* Build configuration list for PBXProject "Sport Manager" */ = {
			isa = XCConfigurationList;
			buildConfigurations = (
				516859AD2C4A51E300FBB014 /* Debug */,
				516859AE2C4A51E300FBB014 /* Release */,
			);
			defaultConfigurationIsVisible = 0;
			defaultConfigurationName = Release;
		};
		516859AF2C4A51E300FBB014 /* Build configuration list for PBXNativeTarget "Sport Manager" */ = {
			isa = XCConfigurationList;
			buildConfigurations = (
				516859B02C4A51E300FBB014 /* Debug */,
				516859B12C4A51E300FBB014 /* Release */,
			);
			defaultConfigurationIsVisible = 0;
			defaultConfigurationName = Release;
		};
		516859B22C4A51E300FBB014 /* Build configuration list for PBXNativeTarget "Sport ManagerTests" */ = {
			isa = XCConfigurationList;
			buildConfigurations = (
				516859B32C4A51E300FBB014 /* Debug */,
				516859B42C4A51E300FBB014 /* Release */,
			);
			defaultConfigurationIsVisible = 0;
			defaultConfigurationName = Release;
		};
		516859B52C4A51E300FBB014 /* Build configuration list for PBXNativeTarget "Sport ManagerUITests" */ = {
			isa = XCConfigurationList;
			buildConfigurations = (
				516859B62C4A51E300FBB014 /* Debug */,
				516859B72C4A51E300FBB014 /* Release */,
			);
			defaultConfigurationIsVisible = 0;
			defaultConfigurationName = Release;
		};
/* End XCConfigurationList section */
	};
	rootObject = 516859832C4A51E100FBB014 /* Project object */;
}
